Microsoft Visual Studio Solution File, Format Version 12.00
# Visual Studio Version 17
VisualStudioVersion = 17.6.33815.320
MinimumVisualStudioVersion = 10.0.40219.1
Project("{2150E333-8FDC-42A3-9474-1A3956D46DE8}") = "Solution Items", "Solution Items", "{79E95A87-8B47-4D40-ACC1-08895D5DFA11}"
	ProjectSection(SolutionItems) = preProject
		Directory.Build.props = Directory.Build.props
	EndProjectSection
EndProject
Project("{2150E333-8FDC-42A3-9474-1A3956D46DE8}") = "src", "src", "{FD39FA08-CDF1-41D0-9DC1-7BF50205A28C}"
	ProjectSection(SolutionItems) = preProject
		src\Api\db_creation.sql = src\Api\db_creation.sql
	EndProjectSection
EndProject
Project("{2150E333-8FDC-42A3-9474-1A3956D46DE8}") = "tests", "tests", "{1298A92C-3833-4F20-B7A4-3A24A13AD5C0}"
EndProject
Project("{9A19103F-16F7-4668-BE54-9A1E7A4F7556}") = "Application", "src\Application\Application.csproj", "{24784E3C-7125-4F53-914B-CAE9096200D2}"
EndProject
Project("{9A19103F-16F7-4668-BE54-9A1E7A4F7556}") = "Domain", "src\Domain\Domain.csproj", "{2566D76C-7CB6-4B3C-B583-8A841B3FDB1E}"
EndProject
Project("{9A19103F-16F7-4668-BE54-9A1E7A4F7556}") = "Infrastructure", "src\Infrastructure\Infrastructure.csproj", "{F085E76E-EF5A-4E66-9FB8-1BB927E499F0}"
EndProject
Project("{9A19103F-16F7-4668-BE54-9A1E7A4F7556}") = "Application.UnitTests", "tests\Application.UnitTests\Application.UnitTests.csproj", "{FF0027CE-9144-4E33-93D4-B64E4F902103}"
EndProject
Project("{9A19103F-16F7-4668-BE54-9A1E7A4F7556}") = "Api", "src\Api\Api.csproj", "{187410A0-57E7-41EE-865F-BB33C2E5FA74}"
EndProject
Project("{E53339B2-1760-4266-BCC7-CA923CBCF16C}") = "docker-compose", "src\docker-compose.dcproj", "{8D7197BF-C4F8-4A14-B2AD-1CD910DFFFE6}"
EndProject
Global
	GlobalSection(SolutionConfigurationPlatforms) = preSolution
		Debug|Any CPU = Debug|Any CPU
		Release|Any CPU = Release|Any CPU
	EndGlobalSection
	GlobalSection(ProjectConfigurationPlatforms) = postSolution
		{24784E3C-7125-4F53-914B-CAE9096200D2}.Debug|Any CPU.ActiveCfg = Debug|Any CPU
		{24784E3C-7125-4F53-914B-CAE9096200D2}.Debug|Any CPU.Build.0 = Debug|Any CPU
		{24784E3C-7125-4F53-914B-CAE9096200D2}.Release|Any CPU.ActiveCfg = Release|Any CPU
		{24784E3C-7125-4F53-914B-CAE9096200D2}.Release|Any CPU.Build.0 = Release|Any CPU
		{2566D76C-7CB6-4B3C-B583-8A841B3FDB1E}.Debug|Any CPU.ActiveCfg = Debug|Any CPU
		{2566D76C-7CB6-4B3C-B583-8A841B3FDB1E}.Debug|Any CPU.Build.0 = Debug|Any CPU
		{2566D76C-7CB6-4B3C-B583-8A841B3FDB1E}.Release|Any CPU.ActiveCfg = Release|Any CPU
		{2566D76C-7CB6-4B3C-B583-8A841B3FDB1E}.Release|Any CPU.Build.0 = Release|Any CPU
		{F085E76E-EF5A-4E66-9FB8-1BB927E499F0}.Debug|Any CPU.ActiveCfg = Debug|Any CPU
		{F085E76E-EF5A-4E66-9FB8-1BB927E499F0}.Debug|Any CPU.Build.0 = Debug|Any CPU
		{F085E76E-EF5A-4E66-9FB8-1BB927E499F0}.Release|Any CPU.ActiveCfg = Release|Any CPU
		{F085E76E-EF5A-4E66-9FB8-1BB927E499F0}.Release|Any CPU.Build.0 = Release|Any CPU
		{FF0027CE-9144-4E33-93D4-B64E4F902103}.Debug|Any CPU.ActiveCfg = Debug|Any CPU
		{FF0027CE-9144-4E33-93D4-B64E4F902103}.Debug|Any CPU.Build.0 = Debug|Any CPU
		{FF0027CE-9144-4E33-93D4-B64E4F902103}.Release|Any CPU.ActiveCfg = Release|Any CPU
		{FF0027CE-9144-4E33-93D4-B64E4F902103}.Release|Any CPU.Build.0 = Release|Any CPU
		{187410A0-57E7-41EE-865F-BB33C2E5FA74}.Debug|Any CPU.ActiveCfg = Debug|Any CPU
		{187410A0-57E7-41EE-865F-BB33C2E5FA74}.Debug|Any CPU.Build.0 = Debug|Any CPU
		{187410A0-57E7-41EE-865F-BB33C2E5FA74}.Release|Any CPU.ActiveCfg = Release|Any CPU
		{187410A0-57E7-41EE-865F-BB33C2E5FA74}.Release|Any CPU.Build.0 = Release|Any CPU
		{8D7197BF-C4F8-4A14-B2AD-1CD910DFFFE6}.Debug|Any CPU.ActiveCfg = Debug|Any CPU
		{8D7197BF-C4F8-4A14-B2AD-1CD910DFFFE6}.Debug|Any CPU.Build.0 = Debug|Any CPU
		{8D7197BF-C4F8-4A14-B2AD-1CD910DFFFE6}.Release|Any CPU.ActiveCfg = Release|Any CPU
		{8D7197BF-C4F8-4A14-B2AD-1CD910DFFFE6}.Release|Any CPU.Build.0 = Release|Any CPU
	EndGlobalSection
	GlobalSection(SolutionProperties) = preSolution
		HideSolutionNode = FALSE
	EndGlobalSection
	GlobalSection(NestedProjects) = preSolution
		{24784E3C-7125-4F53-914B-CAE9096200D2} = {FD39FA08-CDF1-41D0-9DC1-7BF50205A28C}
		{2566D76C-7CB6-4B3C-B583-8A841B3FDB1E} = {FD39FA08-CDF1-41D0-9DC1-7BF50205A28C}
		{F085E76E-EF5A-4E66-9FB8-1BB927E499F0} = {FD39FA08-CDF1-41D0-9DC1-7BF50205A28C}
		{FF0027CE-9144-4E33-93D4-B64E4F902103} = {1298A92C-3833-4F20-B7A4-3A24A13AD5C0}
		{187410A0-57E7-41EE-865F-BB33C2E5FA74} = {FD39FA08-CDF1-41D0-9DC1-7BF50205A28C}
		{8D7197BF-C4F8-4A14-B2AD-1CD910DFFFE6} = {FD39FA08-CDF1-41D0-9DC1-7BF50205A28C}
	EndGlobalSection
	GlobalSection(ExtensibilityGlobals) = postSolution
		SolutionGuid = {C2871969-F2D2-4D59-9458-B905A7AF2E7B}
	EndGlobalSection
EndGlobal
